// !$*UTF8*$!
{
	archiveVersion = 1;
	classes = {
	};
	objectVersion = 50;
	objects = {

/* Begin PBXBuildFile section */
		EC00392F23E8425600F55A5B /* main.c in Sources */ = {isa = PBXBuildFile; fileRef = EC00392E23E8425600F55A5B /* main.c */; };
		EC00394523E8489500F55A5B /* Cocoa.framework in Frameworks */ = {isa = PBXBuildFile; fileRef = EC00394423E8489500F55A5B /* Cocoa.framework */; };
		EC00394723E8489800F55A5B /* OpenGL.framework in Frameworks */ = {isa = PBXBuildFile; fileRef = EC00394623E8489800F55A5B /* OpenGL.framework */; };
		EC00394923E8489D00F55A5B /* IOKit.framework in Frameworks */ = {isa = PBXBuildFile; fileRef = EC00394823E8489D00F55A5B /* IOKit.framework */; };
		EC00395823E84C8100F55A5B /* liblibmirai.dylib in Frameworks */ = {isa = PBXBuildFile; fileRef = EC00395523E84C6E00F55A5B /* liblibmirai.dylib */; };
		EC00395923E84C8100F55A5B /* liblibmirai.dylib in Embed Libraries */ = {isa = PBXBuildFile; fileRef = EC00395523E84C6E00F55A5B /* liblibmirai.dylib */; settings = {ATTRIBUTES = (CodeSignOnCopy, ); }; };
		EC00395C23E860F300F55A5B /* program.c in Sources */ = {isa = PBXBuildFile; fileRef = EC00395B23E860F300F55A5B /* program.c */; };
/* End PBXBuildFile section */

/* Begin PBXContainerItemProxy section */
		EC00395423E84C6E00F55A5B /* PBXContainerItemProxy */ = {
			isa = PBXContainerItemProxy;
			containerPortal = EC00395023E84C6E00F55A5B /* libmirai.xcodeproj */;
			proxyType = 2;
			remoteGlobalIDString = EC01727923D31F3B00D4E2AD;
			remoteInfo = libmirai;
		};
/* End PBXContainerItemProxy section */

/* Begin PBXCopyFilesBuildPhase section */
		EC00391F23E8421800F55A5B /* CopyFiles */ = {
			isa = PBXCopyFilesBuildPhase;
			buildActionMask = 2147483647;
			dstPath = /usr/share/man/man1/;
			dstSubfolderSpec = 0;
			files = (
			);
			runOnlyForDeploymentPostprocessing = 1;
		};
		EC00393C23E8465500F55A5B /* Embed Libraries */ = {
			isa = PBXCopyFilesBuildPhase;
			buildActionMask = 2147483647;
			dstPath = "";
			dstSubfolderSpec = 10;
			files = (
				EC00395923E84C8100F55A5B /* liblibmirai.dylib in Embed Libraries */,
			);
			name = "Embed Libraries";
			runOnlyForDeploymentPostprocessing = 0;
		};
/* End PBXCopyFilesBuildPhase section */

/* Begin PBXFileReference section */
		EC00392123E8421800F55A5B /* viewer */ = {isa = PBXFileReference; explicitFileType = "compiled.mach-o.executable"; includeInIndex = 0; path = viewer; sourceTree = BUILT_PRODUCTS_DIR; };
		EC00392E23E8425600F55A5B /* main.c */ = {isa = PBXFileReference; lastKnownFileType = sourcecode.c.c; path = main.c; sourceTree = "<group>"; };
		EC00394423E8489500F55A5B /* Cocoa.framework */ = {isa = PBXFileReference; lastKnownFileType = wrapper.framework; name = Cocoa.framework; path = System/Library/Frameworks/Cocoa.framework; sourceTree = SDKROOT; };
		EC00394623E8489800F55A5B /* OpenGL.framework */ = {isa = PBXFileReference; lastKnownFileType = wrapper.framework; name = OpenGL.framework; path = System/Library/Frameworks/OpenGL.framework; sourceTree = SDKROOT; };
		EC00394823E8489D00F55A5B /* IOKit.framework */ = {isa = PBXFileReference; lastKnownFileType = wrapper.framework; name = IOKit.framework; path = System/Library/Frameworks/IOKit.framework; sourceTree = SDKROOT; };
		EC00395023E84C6E00F55A5B /* libmirai.xcodeproj */ = {isa = PBXFileReference; lastKnownFileType = "wrapper.pb-project"; name = libmirai.xcodeproj; path = ../libmirai.xcodeproj; sourceTree = "<group>"; };
		EC00395A23E860EA00F55A5B /* program.h */ = {isa = PBXFileReference; lastKnownFileType = sourcecode.c.h; path = program.h; sourceTree = "<group>"; };
		EC00395B23E860F300F55A5B /* program.c */ = {isa = PBXFileReference; lastKnownFileType = sourcecode.c.c; path = program.c; sourceTree = "<group>"; };
		EC00395D23E8618900F55A5B /* gl.h */ = {isa = PBXFileReference; lastKnownFileType = sourcecode.c.h; path = gl.h; sourceTree = "<group>"; };
/* End PBXFileReference section */

/* Begin PBXFrameworksBuildPhase section */
		EC00391E23E8421800F55A5B /* Frameworks */ = {
			isa = PBXFrameworksBuildPhase;
			buildActionMask = 2147483647;
			files = (
				EC00394523E8489500F55A5B /* Cocoa.framework in Frameworks */,
				EC00394723E8489800F55A5B /* OpenGL.framework in Frameworks */,
				EC00394923E8489D00F55A5B /* IOKit.framework in Frameworks */,
				EC00395823E84C8100F55A5B /* liblibmirai.dylib in Frameworks */,
			);
			runOnlyForDeploymentPostprocessing = 0;
		};
/* End PBXFrameworksBuildPhase section */

/* Begin PBXGroup section */
		EC00391823E8421800F55A5B = {
			isa = PBXGroup;
			children = (
				EC00395023E84C6E00F55A5B /* libmirai.xcodeproj */,
				EC00392B23E8423800F55A5B /* include */,
				EC00392D23E8424100F55A5B /* src */,
				EC00392223E8421800F55A5B /* Products */,
				EC00394323E8489500F55A5B /* Frameworks */,
			);
			sourceTree = "<group>";
		};
		EC00392223E8421800F55A5B /* Products */ = {
			isa = PBXGroup;
			children = (
				EC00392123E8421800F55A5B /* viewer */,
			);
			name = Products;
			sourceTree = "<group>";
		};
		EC00392B23E8423800F55A5B /* include */ = {
			isa = PBXGroup;
			children = (
				EC00392C23E8423C00F55A5B /* viewer */,
			);
			path = include;
			sourceTree = "<group>";
		};
		EC00392C23E8423C00F55A5B /* viewer */ = {
			isa = PBXGroup;
			children = (
				EC00395D23E8618900F55A5B /* gl.h */,
				EC00395A23E860EA00F55A5B /* program.h */,
			);
			path = viewer;
			sourceTree = "<group>";
		};
		EC00392D23E8424100F55A5B /* src */ = {
			isa = PBXGroup;
			children = (
				EC00392E23E8425600F55A5B /* main.c */,
				EC00395B23E860F300F55A5B /* program.c */,
			);
			path = src;
			sourceTree = "<group>";
		};
		EC00394323E8489500F55A5B /* Frameworks */ = {
			isa = PBXGroup;
			children = (
				EC00394823E8489D00F55A5B /* IOKit.framework */,
				EC00394623E8489800F55A5B /* OpenGL.framework */,
				EC00394423E8489500F55A5B /* Cocoa.framework */,
			);
			name = Frameworks;
			sourceTree = "<group>";
		};
		EC00395123E84C6E00F55A5B /* Products */ = {
			isa = PBXGroup;
			children = (
				EC00395523E84C6E00F55A5B /* liblibmirai.dylib */,
			);
			name = Products;
			sourceTree = "<group>";
		};
/* End PBXGroup section */

/* Begin PBXNativeTarget section */
		EC00392023E8421800F55A5B /* viewer */ = {
			isa = PBXNativeTarget;
			buildConfigurationList = EC00392823E8421800F55A5B /* Build configuration list for PBXNativeTarget "viewer" */;
			buildPhases = (
				EC00391D23E8421800F55A5B /* Sources */,
				EC00391E23E8421800F55A5B /* Frameworks */,
				EC00391F23E8421800F55A5B /* CopyFiles */,
				EC00393C23E8465500F55A5B /* Embed Libraries */,
			);
			buildRules = (
			);
			dependencies = (
			);
			name = viewer;
			productName = viewer;
			productReference = EC00392123E8421800F55A5B /* viewer */;
			productType = "com.apple.product-type.tool";
		};
/* End PBXNativeTarget section */

/* Begin PBXProject section */
		EC00391923E8421800F55A5B /* Project object */ = {
			isa = PBXProject;
			attributes = {
				LastUpgradeCheck = 1130;
				ORGANIZATIONNAME = Marika;
				TargetAttributes = {
					EC00392023E8421800F55A5B = {
						CreatedOnToolsVersion = 11.3;
					};
				};
			};
			buildConfigurationList = EC00391C23E8421800F55A5B /* Build configuration list for PBXProject "viewer" */;
			compatibilityVersion = "Xcode 9.3";
			developmentRegion = en;
			hasScannedForEncodings = 0;
			knownRegions = (
				en,
				Base,
			);
			mainGroup = EC00391823E8421800F55A5B;
			productRefGroup = EC00392223E8421800F55A5B /* Products */;
			projectDirPath = "";
			projectReferences = (
				{
					ProductGroup = EC00395123E84C6E00F55A5B /* Products */;
					ProjectRef = EC00395023E84C6E00F55A5B /* libmirai.xcodeproj */;
				},
			);
			projectRoot = "";
			targets = (
				EC00392023E8421800F55A5B /* viewer */,
			);
		};
/* End PBXProject section */

/* Begin PBXReferenceProxy section */
		EC00395523E84C6E00F55A5B /* liblibmirai.dylib */ = {
			isa = PBXReferenceProxy;
			fileType = "compiled.mach-o.dylib";
			path = liblibmirai.dylib;
			remoteRef = EC00395423E84C6E00F55A5B /* PBXContainerItemProxy */;
			sourceTree = BUILT_PRODUCTS_DIR;
		};
/* End PBXReferenceProxy section */

/* Begin PBXSourcesBuildPhase section */
		EC00391D23E8421800F55A5B /* Sources */ = {
			isa = PBXSourcesBuildPhase;
			buildActionMask = 2147483647;
			files = (
				EC00395C23E860F300F55A5B /* program.c in Sources */,
				EC00392F23E8425600F55A5B /* main.c in Sources */,
			);
			runOnlyForDeploymentPostprocessing = 0;
		};
/* End PBXSourcesBuildPhase section */

/* Begin XCBuildConfiguration section */
		EC00392623E8421800F55A5B /* Debug */ = {
			isa = XCBuildConfiguration;
			buildSettings = {
				ALWAYS_SEARCH_USER_PATHS = NO;
				CLANG_ANALYZER_NONNULL = YES;
				CLANG_ANALYZER_NUMBER_OBJECT_CONVERSION = YES_AGGRESSIVE;
				CLANG_CXX_LANGUAGE_STANDARD = "gnu++14";
				CLANG_CXX_LIBRARY = "libc++";
				CLANG_ENABLE_MODULES = YES;
				CLANG_ENABLE_OBJC_ARC = YES;
				CLANG_ENABLE_OBJC_WEAK = YES;
				CLANG_WARN_BLOCK_CAPTURE_AUTORELEASING = YES;
				CLANG_WARN_BOOL_CONVERSION = YES;
				CLANG_WARN_COMMA = YES;
				CLANG_WARN_CONSTANT_CONVERSION = YES;
				CLANG_WARN_DEPRECATED_OBJC_IMPLEMENTATIONS = YES;
				CLANG_WARN_DIRECT_OBJC_ISA_USAGE = YES_ERROR;
				CLANG_WARN_DOCUMENTATION_COMMENTS = YES;
				CLANG_WARN_EMPTY_BODY = YES;
				CLANG_WARN_ENUM_CONVERSION = YES;
				CLANG_WARN_INFINITE_RECURSION = YES;
				CLANG_WARN_INT_CONVERSION = YES;
				CLANG_WARN_NON_LITERAL_NULL_CONVERSION = YES;
				CLANG_WARN_OBJC_IMPLICIT_RETAIN_SELF = YES;
				CLANG_WARN_OBJC_LITERAL_CONVERSION = YES;
				CLANG_WARN_OBJC_ROOT_CLASS = YES_ERROR;
				CLANG_WARN_RANGE_LOOP_ANALYSIS = YES;
				CLANG_WARN_STRICT_PROTOTYPES = YES;
				CLANG_WARN_SUSPICIOUS_MOVE = YES;
				CLANG_WARN_UNGUARDED_AVAILABILITY = YES_AGGRESSIVE;
				CLANG_WARN_UNREACHABLE_CODE = YES;
				CLANG_WARN__DUPLICATE_METHOD_MATCH = YES;
				COPY_PHASE_STRIP = NO;
				DEBUG_INFORMATION_FORMAT = dwarf;
				ENABLE_STRICT_OBJC_MSGSEND = YES;
				ENABLE_TESTABILITY = YES;
				GCC_C_LANGUAGE_STANDARD = gnu11;
				GCC_DYNAMIC_NO_PIC = NO;
				GCC_NO_COMMON_BLOCKS = YES;
				GCC_OPTIMIZATION_LEVEL = 0;
				GCC_PREPROCESSOR_DEFINITIONS = (
					"DEBUG=1",
					"$(inherited)",
				);
				GCC_WARN_64_TO_32_BIT_CONVERSION = YES;
				GCC_WARN_ABOUT_RETURN_TYPE = YES_ERROR;
				GCC_WARN_UNDECLARED_SELECTOR = YES;
				GCC_WARN_UNINITIALIZED_AUTOS = YES_AGGRESSIVE;
				GCC_WARN_UNUSED_FUNCTION = YES;
				GCC_WARN_UNUSED_VARIABLE = YES;
				MACOSX_DEPLOYMENT_TARGET = 10.15;
				MTL_ENABLE_DEBUG_INFO = INCLUDE_SOURCE;
				MTL_FAST_MATH = YES;
				ONLY_ACTIVE_ARCH = YES;
				SDKROOT = macosx;
			};
			name = Debug;
		};
		EC00392723E8421800F55A5B /* Release */ = {
			isa = XCBuildConfiguration;
			buildSettings = {
				ALWAYS_SEARCH_USER_PATHS = NO;
				CLANG_ANALYZER_NONNULL = YES;
				CLANG_ANALYZER_NUMBER_OBJECT_CONVERSION = YES_AGGRESSIVE;
				CLANG_CXX_LANGUAGE_STANDARD = "gnu++14";
				CLANG_CXX_LIBRARY = "libc++";
				CLANG_ENABLE_MODULES = YES;
				CLANG_ENABLE_OBJC_ARC = YES;
				CLANG_ENABLE_OBJC_WEAK = YES;
				CLANG_WARN_BLOCK_CAPTURE_AUTORELEASING = YES;
				CLANG_WARN_BOOL_CONVERSION = YES;
				CLANG_WARN_COMMA = YES;
				CLANG_WARN_CONSTANT_CONVERSION = YES;
				CLANG_WARN_DEPRECATED_OBJC_IMPLEMENTATIONS = YES;
				CLANG_WARN_DIRECT_OBJC_ISA_USAGE = YES_ERROR;
				CLANG_WARN_DOCUMENTATION_COMMENTS = YES;
				CLANG_WARN_EMPTY_BODY = YES;
				CLANG_WARN_ENUM_CONVERSION = YES;
				CLANG_WARN_INFINITE_RECURSION = YES;
				CLANG_WARN_INT_CONVERSION = YES;
				CLANG_WARN_NON_LITERAL_NULL_CONVERSION = YES;
				CLANG_WARN_OBJC_IMPLICIT_RETAIN_SELF = YES;
				CLANG_WARN_OBJC_LITERAL_CONVERSION = YES;
				CLANG_WARN_OBJC_ROOT_CLASS = YES_ERROR;
				CLANG_WARN_RANGE_LOOP_ANALYSIS = YES;
				CLANG_WARN_STRICT_PROTOTYPES = YES;
				CLANG_WARN_SUSPICIOUS_MOVE = YES;
				CLANG_WARN_UNGUARDED_AVAILABILITY = YES_AGGRESSIVE;
				CLANG_WARN_UNREACHABLE_CODE = YES;
				CLANG_WARN__DUPLICATE_METHOD_MATCH = YES;
				COPY_PHASE_STRIP = NO;
				DEBUG_INFORMATION_FORMAT = "dwarf-with-dsym";
				ENABLE_NS_ASSERTIONS = NO;
				ENABLE_STRICT_OBJC_MSGSEND = YES;
				GCC_C_LANGUAGE_STANDARD = gnu11;
				GCC_NO_COMMON_BLOCKS = YES;
				GCC_WARN_64_TO_32_BIT_CONVERSION = YES;
				GCC_WARN_ABOUT_RETURN_TYPE = YES_ERROR;
				GCC_WARN_UNDECLARED_SELECTOR = YES;
				GCC_WARN_UNINITIALIZED_AUTOS = YES_AGGRESSIVE;
				GCC_WARN_UNUSED_FUNCTION = YES;
				GCC_WARN_UNUSED_VARIABLE = YES;
				MACOSX_DEPLOYMENT_TARGET = 10.15;
				MTL_ENABLE_DEBUG_INFO = NO;
				MTL_FAST_MATH = YES;
				SDKROOT = macosx;
			};
			name = Release;
		};
		EC00392923E8421800F55A5B /* Debug */ = {
			isa = XCBuildConfiguration;
			buildSettings = {
				CODE_SIGN_STYLE = Automatic;
				DEVELOPMENT_TEAM = ZPZL835757;
				ENABLE_HARDENED_RUNTIME = YES;
				HEADER_SEARCH_PATHS = (
					"$(SRCROOT)/external/include",
					"$(SRCROOT)/../include",
				);
				LIBRARY_SEARCH_PATHS = "$(SRCROOT)/external/lib";
				MACOSX_DEPLOYMENT_TARGET = 10.7;
				OTHER_LDFLAGS = "-lglfw3";
				PRODUCT_NAME = "$(TARGET_NAME)";
			};
			name = Debug;
		};
		EC00392A23E8421800F55A5B /* Release */ = {
			isa = XCBuildConfiguration;
			buildSettings = {
				CODE_SIGN_STYLE = Automatic;
				DEVELOPMENT_TEAM = ZPZL835757;
				ENABLE_HARDENED_RUNTIME = YES;
				HEADER_SEARCH_PATHS = (
					"$(SRCROOT)/external/include",
					"$(SRCROOT)/../include",
				);
				LIBRARY_SEARCH_PATHS = "$(SRCROOT)/external/lib";
				MACOSX_DEPLOYMENT_TARGET = 10.7;
				OTHER_LDFLAGS = "-lglfw3";
				PRODUCT_NAME = "$(TARGET_NAME)";
			};
			name = Release;
		};
/* End XCBuildConfiguration section */

/* Begin XCConfigurationList section */
		EC00391C23E8421800F55A5B /* Build configuration list for PBXProject "viewer" */ = {
			isa = XCConfigurationList;
			buildConfigurations = (
				EC00392623E8421800F55A5B /* Debug */,
				EC00392723E8421800F55A5B /* Release */,
			);
			defaultConfigurationIsVisible = 0;
			defaultConfigurationName = Release;
		};
		EC00392823E8421800F55A5B /* Build configuration list for PBXNativeTarget "viewer" */ = {
			isa = XCConfigurationList;
			buildConfigurations = (
				EC00392923E8421800F55A5B /* Debug */,
				EC00392A23E8421800F55A5B /* Release */,
			);
			defaultConfigurationIsVisible = 0;
			defaultConfigurationName = Release;
		};
/* End XCConfigurationList section */
	};
	rootObject = EC00391923E8421800F55A5B /* Project object */;
}
