// !$*UTF8*$!
{
	archiveVersion = 1;
	classes = {
	};
	objectVersion = 50;
	objects = {

/* Begin PBXBuildFile section */
		EC160C9323CE3DE300FC17EC /* db.c in Sources */ = {isa = PBXBuildFile; fileRef = EC160C9223CE3DE300FC17EC /* db.c */; };
		EC2B8BB123CF49BF009AA3CE /* utils.c in Sources */ = {isa = PBXBuildFile; fileRef = EC2B8BB023CF49BF009AA3CE /* utils.c */; };
		EC2B8BB823CF4EE4009AA3CE /* txob.c in Sources */ = {isa = PBXBuildFile; fileRef = EC2B8BB723CF4EE4009AA3CE /* txob.c */; };
		EC2B8BBD23CF53DD009AA3CE /* texture.c in Sources */ = {isa = PBXBuildFile; fileRef = EC2B8BBC23CF53DD009AA3CE /* texture.c */; };
		EC2B8BC523CF848C009AA3CE /* cmdl.c in Sources */ = {isa = PBXBuildFile; fileRef = EC2B8BC423CF848C009AA3CE /* cmdl.c */; };
		EC423FF023CC8B990047CF9E /* main.m in Sources */ = {isa = PBXBuildFile; fileRef = EC423FEF23CC8B990047CF9E /* main.m */; };
		EC423FF823CC8D130047CF9E /* spr.c in Sources */ = {isa = PBXBuildFile; fileRef = EC423FF723CC8D130047CF9E /* spr.c */; };
		EC423FFD23CCAC970047CF9E /* ctpk.c in Sources */ = {isa = PBXBuildFile; fileRef = EC423FFC23CCAC970047CF9E /* ctpk.c */; };
		ECD640B623CE523000C89360 /* cgfx.c in Sources */ = {isa = PBXBuildFile; fileRef = ECD640B523CE523000C89360 /* cgfx.c */; };
/* End PBXBuildFile section */

/* Begin PBXCopyFilesBuildPhase section */
		EC423FEA23CC8B980047CF9E /* CopyFiles */ = {
			isa = PBXCopyFilesBuildPhase;
			buildActionMask = 2147483647;
			dstPath = /usr/share/man/man1/;
			dstSubfolderSpec = 0;
			files = (
			);
			runOnlyForDeploymentPostprocessing = 1;
		};
/* End PBXCopyFilesBuildPhase section */

/* Begin PBXFileReference section */
		EC160C9223CE3DE300FC17EC /* db.c */ = {isa = PBXFileReference; lastKnownFileType = sourcecode.c.c; path = db.c; sourceTree = "<group>"; };
		EC160C9423CE3DF000FC17EC /* db.h */ = {isa = PBXFileReference; lastKnownFileType = sourcecode.c.h; path = db.h; sourceTree = "<group>"; };
		EC2B8BAF23CF49AB009AA3CE /* utils.h */ = {isa = PBXFileReference; lastKnownFileType = sourcecode.c.h; path = utils.h; sourceTree = "<group>"; };
		EC2B8BB023CF49BF009AA3CE /* utils.c */ = {isa = PBXFileReference; lastKnownFileType = sourcecode.c.c; path = utils.c; sourceTree = "<group>"; };
		EC2B8BB623CF4EAA009AA3CE /* txob.h */ = {isa = PBXFileReference; lastKnownFileType = sourcecode.c.h; path = txob.h; sourceTree = "<group>"; };
		EC2B8BB723CF4EE4009AA3CE /* txob.c */ = {isa = PBXFileReference; lastKnownFileType = sourcecode.c.c; path = txob.c; sourceTree = "<group>"; };
		EC2B8BBB23CF53CF009AA3CE /* texture.h */ = {isa = PBXFileReference; lastKnownFileType = sourcecode.c.h; path = texture.h; sourceTree = "<group>"; };
		EC2B8BBC23CF53DD009AA3CE /* texture.c */ = {isa = PBXFileReference; lastKnownFileType = sourcecode.c.c; path = texture.c; sourceTree = "<group>"; };
		EC2B8BC323CF8465009AA3CE /* cmdl.h */ = {isa = PBXFileReference; lastKnownFileType = sourcecode.c.h; path = cmdl.h; sourceTree = "<group>"; };
		EC2B8BC423CF848C009AA3CE /* cmdl.c */ = {isa = PBXFileReference; lastKnownFileType = sourcecode.c.c; path = cmdl.c; sourceTree = "<group>"; };
		EC2B8BC723CF8A35009AA3CE /* vector.h */ = {isa = PBXFileReference; lastKnownFileType = sourcecode.c.h; path = vector.h; sourceTree = "<group>"; };
		EC423FEC23CC8B990047CF9E /* Mirai */ = {isa = PBXFileReference; explicitFileType = "compiled.mach-o.executable"; includeInIndex = 0; path = Mirai; sourceTree = BUILT_PRODUCTS_DIR; };
		EC423FEF23CC8B990047CF9E /* main.m */ = {isa = PBXFileReference; lastKnownFileType = sourcecode.c.objc; path = main.m; sourceTree = "<group>"; };
		EC423FF623CC8D130047CF9E /* spr.h */ = {isa = PBXFileReference; lastKnownFileType = sourcecode.c.h; path = spr.h; sourceTree = "<group>"; };
		EC423FF723CC8D130047CF9E /* spr.c */ = {isa = PBXFileReference; lastKnownFileType = sourcecode.c.c; path = spr.c; sourceTree = "<group>"; };
		EC423FFB23CCAC970047CF9E /* ctpk.h */ = {isa = PBXFileReference; lastKnownFileType = sourcecode.c.h; path = ctpk.h; sourceTree = "<group>"; };
		EC423FFC23CCAC970047CF9E /* ctpk.c */ = {isa = PBXFileReference; lastKnownFileType = sourcecode.c.c; path = ctpk.c; sourceTree = "<group>"; };
		EC89912F23CD2FD0009B4598 /* etcdec.h */ = {isa = PBXFileReference; lastKnownFileType = sourcecode.c.h; path = etcdec.h; sourceTree = "<group>"; };
		ECD640B223CE521400C89360 /* cgfx.h */ = {isa = PBXFileReference; lastKnownFileType = sourcecode.c.h; path = cgfx.h; sourceTree = "<group>"; };
		ECD640B523CE523000C89360 /* cgfx.c */ = {isa = PBXFileReference; lastKnownFileType = sourcecode.c.c; path = cgfx.c; sourceTree = "<group>"; };
/* End PBXFileReference section */

/* Begin PBXFrameworksBuildPhase section */
		EC423FE923CC8B980047CF9E /* Frameworks */ = {
			isa = PBXFrameworksBuildPhase;
			buildActionMask = 2147483647;
			files = (
			);
			runOnlyForDeploymentPostprocessing = 0;
		};
/* End PBXFrameworksBuildPhase section */

/* Begin PBXGroup section */
		EC423FE323CC8B980047CF9E = {
			isa = PBXGroup;
			children = (
				EC423FEE23CC8B990047CF9E /* Mirai */,
				EC423FED23CC8B990047CF9E /* Products */,
			);
			sourceTree = "<group>";
		};
		EC423FED23CC8B990047CF9E /* Products */ = {
			isa = PBXGroup;
			children = (
				EC423FEC23CC8B990047CF9E /* Mirai */,
			);
			name = Products;
			sourceTree = "<group>";
		};
		EC423FEE23CC8B990047CF9E /* Mirai */ = {
			isa = PBXGroup;
			children = (
				EC423FF923CC8D190047CF9E /* include */,
				EC423FFA23CC8D1D0047CF9E /* src */,
				EC89912823CD230F009B4598 /* etc */,
			);
			path = Mirai;
			sourceTree = "<group>";
		};
		EC423FF923CC8D190047CF9E /* include */ = {
			isa = PBXGroup;
			children = (
				EC423FF623CC8D130047CF9E /* spr.h */,
				EC423FFB23CCAC970047CF9E /* ctpk.h */,
				EC160C9423CE3DF000FC17EC /* db.h */,
				ECD640B223CE521400C89360 /* cgfx.h */,
				EC2B8BB623CF4EAA009AA3CE /* txob.h */,
				EC2B8BC323CF8465009AA3CE /* cmdl.h */,
				EC2B8BBB23CF53CF009AA3CE /* texture.h */,
				EC2B8BAF23CF49AB009AA3CE /* utils.h */,
				EC2B8BC723CF8A35009AA3CE /* vector.h */,
			);
			path = include;
			sourceTree = "<group>";
		};
		EC423FFA23CC8D1D0047CF9E /* src */ = {
			isa = PBXGroup;
			children = (
				EC423FEF23CC8B990047CF9E /* main.m */,
				EC423FF723CC8D130047CF9E /* spr.c */,
				EC423FFC23CCAC970047CF9E /* ctpk.c */,
				EC160C9223CE3DE300FC17EC /* db.c */,
				ECD640B523CE523000C89360 /* cgfx.c */,
				EC2B8BB723CF4EE4009AA3CE /* txob.c */,
				EC2B8BC423CF848C009AA3CE /* cmdl.c */,
				EC2B8BBC23CF53DD009AA3CE /* texture.c */,
				EC2B8BB023CF49BF009AA3CE /* utils.c */,
			);
			path = src;
			sourceTree = "<group>";
		};
		EC89912823CD230F009B4598 /* etc */ = {
			isa = PBXGroup;
			children = (
				EC89912F23CD2FD0009B4598 /* etcdec.h */,
			);
			path = etc;
			sourceTree = "<group>";
		};
/* End PBXGroup section */

/* Begin PBXNativeTarget section */
		EC423FEB23CC8B980047CF9E /* Mirai */ = {
			isa = PBXNativeTarget;
			buildConfigurationList = EC423FF323CC8B990047CF9E /* Build configuration list for PBXNativeTarget "Mirai" */;
			buildPhases = (
				EC423FE823CC8B980047CF9E /* Sources */,
				EC423FE923CC8B980047CF9E /* Frameworks */,
				EC423FEA23CC8B980047CF9E /* CopyFiles */,
			);
			buildRules = (
			);
			dependencies = (
			);
			name = Mirai;
			productName = Mirai;
			productReference = EC423FEC23CC8B990047CF9E /* Mirai */;
			productType = "com.apple.product-type.tool";
		};
/* End PBXNativeTarget section */

/* Begin PBXProject section */
		EC423FE423CC8B980047CF9E /* Project object */ = {
			isa = PBXProject;
			attributes = {
				LastUpgradeCheck = 1130;
				ORGANIZATIONNAME = Marika;
				TargetAttributes = {
					EC423FEB23CC8B980047CF9E = {
						CreatedOnToolsVersion = 11.3;
					};
				};
			};
			buildConfigurationList = EC423FE723CC8B980047CF9E /* Build configuration list for PBXProject "Mirai" */;
			compatibilityVersion = "Xcode 9.3";
			developmentRegion = en;
			hasScannedForEncodings = 0;
			knownRegions = (
				en,
				Base,
			);
			mainGroup = EC423FE323CC8B980047CF9E;
			productRefGroup = EC423FED23CC8B990047CF9E /* Products */;
			projectDirPath = "";
			projectRoot = "";
			targets = (
				EC423FEB23CC8B980047CF9E /* Mirai */,
			);
		};
/* End PBXProject section */

/* Begin PBXSourcesBuildPhase section */
		EC423FE823CC8B980047CF9E /* Sources */ = {
			isa = PBXSourcesBuildPhase;
			buildActionMask = 2147483647;
			files = (
				ECD640B623CE523000C89360 /* cgfx.c in Sources */,
				EC423FF023CC8B990047CF9E /* main.m in Sources */,
				EC423FFD23CCAC970047CF9E /* ctpk.c in Sources */,
				EC2B8BBD23CF53DD009AA3CE /* texture.c in Sources */,
				EC2B8BB123CF49BF009AA3CE /* utils.c in Sources */,
				EC2B8BB823CF4EE4009AA3CE /* txob.c in Sources */,
				EC423FF823CC8D130047CF9E /* spr.c in Sources */,
				EC160C9323CE3DE300FC17EC /* db.c in Sources */,
			);
			runOnlyForDeploymentPostprocessing = 0;
		};
/* End PBXSourcesBuildPhase section */

/* Begin XCBuildConfiguration section */
		EC423FF123CC8B990047CF9E /* Debug */ = {
			isa = XCBuildConfiguration;
			buildSettings = {
				ALWAYS_SEARCH_USER_PATHS = NO;
				CLANG_ANALYZER_NONNULL = YES;
				CLANG_ANALYZER_NUMBER_OBJECT_CONVERSION = YES_AGGRESSIVE;
				CLANG_CXX_LANGUAGE_STANDARD = "gnu++14";
				CLANG_CXX_LIBRARY = "libc++";
				CLANG_ENABLE_MODULES = YES;
				CLANG_ENABLE_OBJC_ARC = YES;
				CLANG_ENABLE_OBJC_WEAK = YES;
				CLANG_WARN_BLOCK_CAPTURE_AUTORELEASING = YES;
				CLANG_WARN_BOOL_CONVERSION = YES;
				CLANG_WARN_COMMA = YES;
				CLANG_WARN_CONSTANT_CONVERSION = YES;
				CLANG_WARN_DEPRECATED_OBJC_IMPLEMENTATIONS = YES;
				CLANG_WARN_DIRECT_OBJC_ISA_USAGE = YES_ERROR;
				CLANG_WARN_DOCUMENTATION_COMMENTS = YES;
				CLANG_WARN_EMPTY_BODY = YES;
				CLANG_WARN_ENUM_CONVERSION = YES;
				CLANG_WARN_INFINITE_RECURSION = YES;
				CLANG_WARN_INT_CONVERSION = YES;
				CLANG_WARN_NON_LITERAL_NULL_CONVERSION = YES;
				CLANG_WARN_OBJC_IMPLICIT_RETAIN_SELF = YES;
				CLANG_WARN_OBJC_LITERAL_CONVERSION = YES;
				CLANG_WARN_OBJC_ROOT_CLASS = YES_ERROR;
				CLANG_WARN_RANGE_LOOP_ANALYSIS = YES;
				CLANG_WARN_STRICT_PROTOTYPES = YES;
				CLANG_WARN_SUSPICIOUS_MOVE = YES;
				CLANG_WARN_UNGUARDED_AVAILABILITY = YES_AGGRESSIVE;
				CLANG_WARN_UNREACHABLE_CODE = YES;
				CLANG_WARN__DUPLICATE_METHOD_MATCH = YES;
				COPY_PHASE_STRIP = NO;
				DEBUG_INFORMATION_FORMAT = dwarf;
				ENABLE_STRICT_OBJC_MSGSEND = YES;
				ENABLE_TESTABILITY = YES;
				GCC_C_LANGUAGE_STANDARD = gnu11;
				GCC_DYNAMIC_NO_PIC = NO;
				GCC_NO_COMMON_BLOCKS = YES;
				GCC_OPTIMIZATION_LEVEL = 0;
				GCC_PREPROCESSOR_DEFINITIONS = (
					"DEBUG=1",
					"$(inherited)",
				);
				GCC_WARN_64_TO_32_BIT_CONVERSION = YES;
				GCC_WARN_ABOUT_RETURN_TYPE = YES_ERROR;
				GCC_WARN_UNDECLARED_SELECTOR = YES;
				GCC_WARN_UNINITIALIZED_AUTOS = YES_AGGRESSIVE;
				GCC_WARN_UNUSED_FUNCTION = YES;
				GCC_WARN_UNUSED_VARIABLE = YES;
				MACOSX_DEPLOYMENT_TARGET = 10.15;
				MTL_ENABLE_DEBUG_INFO = INCLUDE_SOURCE;
				MTL_FAST_MATH = YES;
				ONLY_ACTIVE_ARCH = YES;
				SDKROOT = macosx;
			};
			name = Debug;
		};
		EC423FF223CC8B990047CF9E /* Release */ = {
			isa = XCBuildConfiguration;
			buildSettings = {
				ALWAYS_SEARCH_USER_PATHS = NO;
				CLANG_ANALYZER_NONNULL = YES;
				CLANG_ANALYZER_NUMBER_OBJECT_CONVERSION = YES_AGGRESSIVE;
				CLANG_CXX_LANGUAGE_STANDARD = "gnu++14";
				CLANG_CXX_LIBRARY = "libc++";
				CLANG_ENABLE_MODULES = YES;
				CLANG_ENABLE_OBJC_ARC = YES;
				CLANG_ENABLE_OBJC_WEAK = YES;
				CLANG_WARN_BLOCK_CAPTURE_AUTORELEASING = YES;
				CLANG_WARN_BOOL_CONVERSION = YES;
				CLANG_WARN_COMMA = YES;
				CLANG_WARN_CONSTANT_CONVERSION = YES;
				CLANG_WARN_DEPRECATED_OBJC_IMPLEMENTATIONS = YES;
				CLANG_WARN_DIRECT_OBJC_ISA_USAGE = YES_ERROR;
				CLANG_WARN_DOCUMENTATION_COMMENTS = YES;
				CLANG_WARN_EMPTY_BODY = YES;
				CLANG_WARN_ENUM_CONVERSION = YES;
				CLANG_WARN_INFINITE_RECURSION = YES;
				CLANG_WARN_INT_CONVERSION = YES;
				CLANG_WARN_NON_LITERAL_NULL_CONVERSION = YES;
				CLANG_WARN_OBJC_IMPLICIT_RETAIN_SELF = YES;
				CLANG_WARN_OBJC_LITERAL_CONVERSION = YES;
				CLANG_WARN_OBJC_ROOT_CLASS = YES_ERROR;
				CLANG_WARN_RANGE_LOOP_ANALYSIS = YES;
				CLANG_WARN_STRICT_PROTOTYPES = YES;
				CLANG_WARN_SUSPICIOUS_MOVE = YES;
				CLANG_WARN_UNGUARDED_AVAILABILITY = YES_AGGRESSIVE;
				CLANG_WARN_UNREACHABLE_CODE = YES;
				CLANG_WARN__DUPLICATE_METHOD_MATCH = YES;
				COPY_PHASE_STRIP = NO;
				DEBUG_INFORMATION_FORMAT = "dwarf-with-dsym";
				ENABLE_NS_ASSERTIONS = NO;
				ENABLE_STRICT_OBJC_MSGSEND = YES;
				GCC_C_LANGUAGE_STANDARD = gnu11;
				GCC_NO_COMMON_BLOCKS = YES;
				GCC_WARN_64_TO_32_BIT_CONVERSION = YES;
				GCC_WARN_ABOUT_RETURN_TYPE = YES_ERROR;
				GCC_WARN_UNDECLARED_SELECTOR = YES;
				GCC_WARN_UNINITIALIZED_AUTOS = YES_AGGRESSIVE;
				GCC_WARN_UNUSED_FUNCTION = YES;
				GCC_WARN_UNUSED_VARIABLE = YES;
				MACOSX_DEPLOYMENT_TARGET = 10.15;
				MTL_ENABLE_DEBUG_INFO = NO;
				MTL_FAST_MATH = YES;
				SDKROOT = macosx;
			};
			name = Release;
		};
		EC423FF423CC8B990047CF9E /* Debug */ = {
			isa = XCBuildConfiguration;
			buildSettings = {
				CODE_SIGN_STYLE = Automatic;
				DEVELOPMENT_TEAM = ZPZL835757;
				ENABLE_HARDENED_RUNTIME = YES;
				PRODUCT_NAME = "$(TARGET_NAME)";
			};
			name = Debug;
		};
		EC423FF523CC8B990047CF9E /* Release */ = {
			isa = XCBuildConfiguration;
			buildSettings = {
				CODE_SIGN_STYLE = Automatic;
				DEVELOPMENT_TEAM = ZPZL835757;
				ENABLE_HARDENED_RUNTIME = YES;
				PRODUCT_NAME = "$(TARGET_NAME)";
			};
			name = Release;
		};
/* End XCBuildConfiguration section */

/* Begin XCConfigurationList section */
		EC423FE723CC8B980047CF9E /* Build configuration list for PBXProject "Mirai" */ = {
			isa = XCConfigurationList;
			buildConfigurations = (
				EC423FF123CC8B990047CF9E /* Debug */,
				EC423FF223CC8B990047CF9E /* Release */,
			);
			defaultConfigurationIsVisible = 0;
			defaultConfigurationName = Release;
		};
		EC423FF323CC8B990047CF9E /* Build configuration list for PBXNativeTarget "Mirai" */ = {
			isa = XCConfigurationList;
			buildConfigurations = (
				EC423FF423CC8B990047CF9E /* Debug */,
				EC423FF523CC8B990047CF9E /* Release */,
			);
			defaultConfigurationIsVisible = 0;
			defaultConfigurationName = Release;
		};
/* End XCConfigurationList section */
	};
	rootObject = EC423FE423CC8B980047CF9E /* Project object */;
}
