// !$*UTF8*$!
{
	archiveVersion = 1;
	classes = {
	};
	objectVersion = 50;
	objects = {

/* Begin PBXBuildFile section */
		EC2192C223D3874800EDF78A /* Model.swift in Sources */ = {isa = PBXBuildFile; fileRef = EC2192C123D3874800EDF78A /* Model.swift */; };
		EC2DB3B623D3242800A5FA6C /* AppDelegate.swift in Sources */ = {isa = PBXBuildFile; fileRef = EC2DB3B523D3242800A5FA6C /* AppDelegate.swift */; };
		EC2DB3BA23D3242800A5FA6C /* Document.swift in Sources */ = {isa = PBXBuildFile; fileRef = EC2DB3B923D3242800A5FA6C /* Document.swift */; };
		EC2DB3BC23D3242A00A5FA6C /* Assets.xcassets in Resources */ = {isa = PBXBuildFile; fileRef = EC2DB3BB23D3242A00A5FA6C /* Assets.xcassets */; };
		EC2DB3BF23D3242A00A5FA6C /* Main.storyboard in Resources */ = {isa = PBXBuildFile; fileRef = EC2DB3BD23D3242A00A5FA6C /* Main.storyboard */; };
		EC2DB3CF23D3247F00A5FA6C /* liblibmirai.dylib in Frameworks */ = {isa = PBXBuildFile; fileRef = EC2DB3CE23D3247F00A5FA6C /* liblibmirai.dylib */; };
		EC2DB3D023D3247F00A5FA6C /* liblibmirai.dylib in Embed Libraries */ = {isa = PBXBuildFile; fileRef = EC2DB3CE23D3247F00A5FA6C /* liblibmirai.dylib */; settings = {ATTRIBUTES = (CodeSignOnCopy, ); }; };
		EC47097823D47C9F004863D0 /* Material.swift in Sources */ = {isa = PBXBuildFile; fileRef = EC47097723D47C9F004863D0 /* Material.swift */; };
		EC47097A23D47D77004863D0 /* CGFXMaterialsController.swift in Sources */ = {isa = PBXBuildFile; fileRef = EC47097923D47D77004863D0 /* CGFXMaterialsController.swift */; };
		EC74315F23D32FBF00586E48 /* SPRController.swift in Sources */ = {isa = PBXBuildFile; fileRef = EC74315E23D32FBF00586E48 /* SPRController.swift */; };
		EC74316123D32FD800586E48 /* CGFXController.swift in Sources */ = {isa = PBXBuildFile; fileRef = EC74316023D32FD800586E48 /* CGFXController.swift */; };
		EC74316323D338CD00586E48 /* Texture.swift in Sources */ = {isa = PBXBuildFile; fileRef = EC74316223D338CD00586E48 /* Texture.swift */; };
		EC970A7323D34B99005D7A27 /* CGFXModelsController.swift in Sources */ = {isa = PBXBuildFile; fileRef = EC970A7223D34B99005D7A27 /* CGFXModelsController.swift */; };
		ECE6F59B23D3446B0016DD65 /* CGFXWindowController.swift in Sources */ = {isa = PBXBuildFile; fileRef = ECE6F59A23D3446B0016DD65 /* CGFXWindowController.swift */; };
		ECE6F59D23D346FA0016DD65 /* CGFXTexturesController.swift in Sources */ = {isa = PBXBuildFile; fileRef = ECE6F59C23D346FA0016DD65 /* CGFXTexturesController.swift */; };
/* End PBXBuildFile section */

/* Begin PBXCopyFilesBuildPhase section */
		EC2DB3D123D3248000A5FA6C /* Embed Libraries */ = {
			isa = PBXCopyFilesBuildPhase;
			buildActionMask = 2147483647;
			dstPath = "";
			dstSubfolderSpec = 10;
			files = (
				EC2DB3D023D3247F00A5FA6C /* liblibmirai.dylib in Embed Libraries */,
			);
			name = "Embed Libraries";
			runOnlyForDeploymentPostprocessing = 0;
		};
/* End PBXCopyFilesBuildPhase section */

/* Begin PBXFileReference section */
		EC2192C123D3874800EDF78A /* Model.swift */ = {isa = PBXFileReference; lastKnownFileType = sourcecode.swift; path = Model.swift; sourceTree = "<group>"; };
		EC2DB3B223D3242800A5FA6C /* Demo.app */ = {isa = PBXFileReference; explicitFileType = wrapper.application; includeInIndex = 0; path = Demo.app; sourceTree = BUILT_PRODUCTS_DIR; };
		EC2DB3B523D3242800A5FA6C /* AppDelegate.swift */ = {isa = PBXFileReference; lastKnownFileType = sourcecode.swift; path = AppDelegate.swift; sourceTree = "<group>"; };
		EC2DB3B923D3242800A5FA6C /* Document.swift */ = {isa = PBXFileReference; lastKnownFileType = sourcecode.swift; path = Document.swift; sourceTree = "<group>"; };
		EC2DB3BB23D3242A00A5FA6C /* Assets.xcassets */ = {isa = PBXFileReference; lastKnownFileType = folder.assetcatalog; path = Assets.xcassets; sourceTree = "<group>"; };
		EC2DB3BE23D3242A00A5FA6C /* Base */ = {isa = PBXFileReference; lastKnownFileType = file.storyboard; name = Base; path = Base.lproj/Main.storyboard; sourceTree = "<group>"; };
		EC2DB3C023D3242A00A5FA6C /* Info.plist */ = {isa = PBXFileReference; lastKnownFileType = text.plist.xml; path = Info.plist; sourceTree = "<group>"; };
		EC2DB3C123D3242A00A5FA6C /* Demo.entitlements */ = {isa = PBXFileReference; lastKnownFileType = text.plist.entitlements; path = Demo.entitlements; sourceTree = "<group>"; };
		EC2DB3CE23D3247F00A5FA6C /* liblibmirai.dylib */ = {isa = PBXFileReference; explicitFileType = "compiled.mach-o.dylib"; path = liblibmirai.dylib; sourceTree = BUILT_PRODUCTS_DIR; };
		EC47097723D47C9F004863D0 /* Material.swift */ = {isa = PBXFileReference; lastKnownFileType = sourcecode.swift; path = Material.swift; sourceTree = "<group>"; };
		EC47097923D47D77004863D0 /* CGFXMaterialsController.swift */ = {isa = PBXFileReference; lastKnownFileType = sourcecode.swift; path = CGFXMaterialsController.swift; sourceTree = "<group>"; };
		EC74315923D3299800586E48 /* Mirai.h */ = {isa = PBXFileReference; lastKnownFileType = sourcecode.c.h; path = Mirai.h; sourceTree = "<group>"; };
		EC74315E23D32FBF00586E48 /* SPRController.swift */ = {isa = PBXFileReference; lastKnownFileType = sourcecode.swift; path = SPRController.swift; sourceTree = "<group>"; };
		EC74316023D32FD800586E48 /* CGFXController.swift */ = {isa = PBXFileReference; lastKnownFileType = sourcecode.swift; path = CGFXController.swift; sourceTree = "<group>"; };
		EC74316223D338CD00586E48 /* Texture.swift */ = {isa = PBXFileReference; lastKnownFileType = sourcecode.swift; path = Texture.swift; sourceTree = "<group>"; };
		EC970A7223D34B99005D7A27 /* CGFXModelsController.swift */ = {isa = PBXFileReference; lastKnownFileType = sourcecode.swift; path = CGFXModelsController.swift; sourceTree = "<group>"; };
		ECE6F59A23D3446B0016DD65 /* CGFXWindowController.swift */ = {isa = PBXFileReference; lastKnownFileType = sourcecode.swift; path = CGFXWindowController.swift; sourceTree = "<group>"; };
		ECE6F59C23D346FA0016DD65 /* CGFXTexturesController.swift */ = {isa = PBXFileReference; lastKnownFileType = sourcecode.swift; path = CGFXTexturesController.swift; sourceTree = "<group>"; };
/* End PBXFileReference section */

/* Begin PBXFrameworksBuildPhase section */
		EC2DB3AF23D3242800A5FA6C /* Frameworks */ = {
			isa = PBXFrameworksBuildPhase;
			buildActionMask = 2147483647;
			files = (
				EC2DB3CF23D3247F00A5FA6C /* liblibmirai.dylib in Frameworks */,
			);
			runOnlyForDeploymentPostprocessing = 0;
		};
/* End PBXFrameworksBuildPhase section */

/* Begin PBXGroup section */
		EC2DB3A923D3242800A5FA6C = {
			isa = PBXGroup;
			children = (
				EC2DB3B423D3242800A5FA6C /* Demo */,
				EC2DB3B323D3242800A5FA6C /* Products */,
				EC2DB3CD23D3247F00A5FA6C /* Frameworks */,
			);
			sourceTree = "<group>";
		};
		EC2DB3B323D3242800A5FA6C /* Products */ = {
			isa = PBXGroup;
			children = (
				EC2DB3B223D3242800A5FA6C /* Demo.app */,
			);
			name = Products;
			sourceTree = "<group>";
		};
		EC2DB3B423D3242800A5FA6C /* Demo */ = {
			isa = PBXGroup;
			children = (
				EC2DB3B523D3242800A5FA6C /* AppDelegate.swift */,
				EC2DB3D323D324AF00A5FA6C /* Storyboards */,
				EC2DB3D223D324A800A5FA6C /* Controllers */,
				EC2DB3D423D324B500A5FA6C /* Objects */,
				EC2DB3BB23D3242A00A5FA6C /* Assets.xcassets */,
				EC2DB3C023D3242A00A5FA6C /* Info.plist */,
				EC74315923D3299800586E48 /* Mirai.h */,
				EC2DB3C123D3242A00A5FA6C /* Demo.entitlements */,
			);
			path = Demo;
			sourceTree = "<group>";
		};
		EC2DB3CD23D3247F00A5FA6C /* Frameworks */ = {
			isa = PBXGroup;
			children = (
				EC2DB3CE23D3247F00A5FA6C /* liblibmirai.dylib */,
			);
			name = Frameworks;
			sourceTree = "<group>";
		};
		EC2DB3D223D324A800A5FA6C /* Controllers */ = {
			isa = PBXGroup;
			children = (
				ECE6F59923D344580016DD65 /* CGFX */,
				EC74315E23D32FBF00586E48 /* SPRController.swift */,
			);
			path = Controllers;
			sourceTree = "<group>";
		};
		EC2DB3D323D324AF00A5FA6C /* Storyboards */ = {
			isa = PBXGroup;
			children = (
				EC2DB3BD23D3242A00A5FA6C /* Main.storyboard */,
			);
			path = Storyboards;
			sourceTree = "<group>";
		};
		EC2DB3D423D324B500A5FA6C /* Objects */ = {
			isa = PBXGroup;
			children = (
				EC2DB3B923D3242800A5FA6C /* Document.swift */,
				EC74316223D338CD00586E48 /* Texture.swift */,
				EC2192C123D3874800EDF78A /* Model.swift */,
				EC47097723D47C9F004863D0 /* Material.swift */,
			);
			path = Objects;
			sourceTree = "<group>";
		};
		ECE6F59923D344580016DD65 /* CGFX */ = {
			isa = PBXGroup;
			children = (
				ECE6F59A23D3446B0016DD65 /* CGFXWindowController.swift */,
				EC74316023D32FD800586E48 /* CGFXController.swift */,
				ECE6F59C23D346FA0016DD65 /* CGFXTexturesController.swift */,
				EC47097923D47D77004863D0 /* CGFXMaterialsController.swift */,
				EC970A7223D34B99005D7A27 /* CGFXModelsController.swift */,
			);
			path = CGFX;
			sourceTree = "<group>";
		};
/* End PBXGroup section */

/* Begin PBXNativeTarget section */
		EC2DB3B123D3242800A5FA6C /* Demo */ = {
			isa = PBXNativeTarget;
			buildConfigurationList = EC2DB3C423D3242A00A5FA6C /* Build configuration list for PBXNativeTarget "Demo" */;
			buildPhases = (
				EC2DB3AE23D3242800A5FA6C /* Sources */,
				EC2DB3AF23D3242800A5FA6C /* Frameworks */,
				EC2DB3B023D3242800A5FA6C /* Resources */,
				EC2DB3D123D3248000A5FA6C /* Embed Libraries */,
			);
			buildRules = (
			);
			dependencies = (
			);
			name = Demo;
			productName = Demo;
			productReference = EC2DB3B223D3242800A5FA6C /* Demo.app */;
			productType = "com.apple.product-type.application";
		};
/* End PBXNativeTarget section */

/* Begin PBXProject section */
		EC2DB3AA23D3242800A5FA6C /* Project object */ = {
			isa = PBXProject;
			attributes = {
				LastSwiftUpdateCheck = 1130;
				LastUpgradeCheck = 1130;
				ORGANIZATIONNAME = Marika;
				TargetAttributes = {
					EC2DB3B123D3242800A5FA6C = {
						CreatedOnToolsVersion = 11.3;
						LastSwiftMigration = 1130;
					};
				};
			};
			buildConfigurationList = EC2DB3AD23D3242800A5FA6C /* Build configuration list for PBXProject "Demo" */;
			compatibilityVersion = "Xcode 9.3";
			developmentRegion = en;
			hasScannedForEncodings = 0;
			knownRegions = (
				en,
				Base,
			);
			mainGroup = EC2DB3A923D3242800A5FA6C;
			productRefGroup = EC2DB3B323D3242800A5FA6C /* Products */;
			projectDirPath = "";
			projectRoot = "";
			targets = (
				EC2DB3B123D3242800A5FA6C /* Demo */,
			);
		};
/* End PBXProject section */

/* Begin PBXResourcesBuildPhase section */
		EC2DB3B023D3242800A5FA6C /* Resources */ = {
			isa = PBXResourcesBuildPhase;
			buildActionMask = 2147483647;
			files = (
				EC2DB3BC23D3242A00A5FA6C /* Assets.xcassets in Resources */,
				EC2DB3BF23D3242A00A5FA6C /* Main.storyboard in Resources */,
			);
			runOnlyForDeploymentPostprocessing = 0;
		};
/* End PBXResourcesBuildPhase section */

/* Begin PBXSourcesBuildPhase section */
		EC2DB3AE23D3242800A5FA6C /* Sources */ = {
			isa = PBXSourcesBuildPhase;
			buildActionMask = 2147483647;
			files = (
				EC47097A23D47D77004863D0 /* CGFXMaterialsController.swift in Sources */,
				EC47097823D47C9F004863D0 /* Material.swift in Sources */,
				EC2192C223D3874800EDF78A /* Model.swift in Sources */,
				EC2DB3B623D3242800A5FA6C /* AppDelegate.swift in Sources */,
				EC74316323D338CD00586E48 /* Texture.swift in Sources */,
				EC74315F23D32FBF00586E48 /* SPRController.swift in Sources */,
				ECE6F59D23D346FA0016DD65 /* CGFXTexturesController.swift in Sources */,
				EC2DB3BA23D3242800A5FA6C /* Document.swift in Sources */,
				EC970A7323D34B99005D7A27 /* CGFXModelsController.swift in Sources */,
				EC74316123D32FD800586E48 /* CGFXController.swift in Sources */,
				ECE6F59B23D3446B0016DD65 /* CGFXWindowController.swift in Sources */,
			);
			runOnlyForDeploymentPostprocessing = 0;
		};
/* End PBXSourcesBuildPhase section */

/* Begin PBXVariantGroup section */
		EC2DB3BD23D3242A00A5FA6C /* Main.storyboard */ = {
			isa = PBXVariantGroup;
			children = (
				EC2DB3BE23D3242A00A5FA6C /* Base */,
			);
			name = Main.storyboard;
			sourceTree = "<group>";
		};
/* End PBXVariantGroup section */

/* Begin XCBuildConfiguration section */
		EC2DB3C223D3242A00A5FA6C /* Debug */ = {
			isa = XCBuildConfiguration;
			buildSettings = {
				ALWAYS_SEARCH_USER_PATHS = NO;
				CLANG_ANALYZER_NONNULL = YES;
				CLANG_ANALYZER_NUMBER_OBJECT_CONVERSION = YES_AGGRESSIVE;
				CLANG_CXX_LANGUAGE_STANDARD = "gnu++14";
				CLANG_CXX_LIBRARY = "libc++";
				CLANG_ENABLE_MODULES = YES;
				CLANG_ENABLE_OBJC_ARC = YES;
				CLANG_ENABLE_OBJC_WEAK = YES;
				CLANG_WARN_BLOCK_CAPTURE_AUTORELEASING = YES;
				CLANG_WARN_BOOL_CONVERSION = YES;
				CLANG_WARN_COMMA = YES;
				CLANG_WARN_CONSTANT_CONVERSION = YES;
				CLANG_WARN_DEPRECATED_OBJC_IMPLEMENTATIONS = YES;
				CLANG_WARN_DIRECT_OBJC_ISA_USAGE = YES_ERROR;
				CLANG_WARN_DOCUMENTATION_COMMENTS = YES;
				CLANG_WARN_EMPTY_BODY = YES;
				CLANG_WARN_ENUM_CONVERSION = YES;
				CLANG_WARN_INFINITE_RECURSION = YES;
				CLANG_WARN_INT_CONVERSION = YES;
				CLANG_WARN_NON_LITERAL_NULL_CONVERSION = YES;
				CLANG_WARN_OBJC_IMPLICIT_RETAIN_SELF = YES;
				CLANG_WARN_OBJC_LITERAL_CONVERSION = YES;
				CLANG_WARN_OBJC_ROOT_CLASS = YES_ERROR;
				CLANG_WARN_RANGE_LOOP_ANALYSIS = YES;
				CLANG_WARN_STRICT_PROTOTYPES = YES;
				CLANG_WARN_SUSPICIOUS_MOVE = YES;
				CLANG_WARN_UNGUARDED_AVAILABILITY = YES_AGGRESSIVE;
				CLANG_WARN_UNREACHABLE_CODE = YES;
				CLANG_WARN__DUPLICATE_METHOD_MATCH = YES;
				COPY_PHASE_STRIP = NO;
				DEBUG_INFORMATION_FORMAT = dwarf;
				ENABLE_STRICT_OBJC_MSGSEND = YES;
				ENABLE_TESTABILITY = YES;
				GCC_C_LANGUAGE_STANDARD = gnu11;
				GCC_DYNAMIC_NO_PIC = NO;
				GCC_NO_COMMON_BLOCKS = YES;
				GCC_OPTIMIZATION_LEVEL = 0;
				GCC_PREPROCESSOR_DEFINITIONS = (
					"DEBUG=1",
					"$(inherited)",
				);
				GCC_WARN_64_TO_32_BIT_CONVERSION = YES;
				GCC_WARN_ABOUT_RETURN_TYPE = YES_ERROR;
				GCC_WARN_UNDECLARED_SELECTOR = YES;
				GCC_WARN_UNINITIALIZED_AUTOS = YES_AGGRESSIVE;
				GCC_WARN_UNUSED_FUNCTION = YES;
				GCC_WARN_UNUSED_VARIABLE = YES;
				MACOSX_DEPLOYMENT_TARGET = 10.15;
				MTL_ENABLE_DEBUG_INFO = INCLUDE_SOURCE;
				MTL_FAST_MATH = YES;
				ONLY_ACTIVE_ARCH = YES;
				SDKROOT = macosx;
				SWIFT_ACTIVE_COMPILATION_CONDITIONS = DEBUG;
				SWIFT_OPTIMIZATION_LEVEL = "-Onone";
			};
			name = Debug;
		};
		EC2DB3C323D3242A00A5FA6C /* Release */ = {
			isa = XCBuildConfiguration;
			buildSettings = {
				ALWAYS_SEARCH_USER_PATHS = NO;
				CLANG_ANALYZER_NONNULL = YES;
				CLANG_ANALYZER_NUMBER_OBJECT_CONVERSION = YES_AGGRESSIVE;
				CLANG_CXX_LANGUAGE_STANDARD = "gnu++14";
				CLANG_CXX_LIBRARY = "libc++";
				CLANG_ENABLE_MODULES = YES;
				CLANG_ENABLE_OBJC_ARC = YES;
				CLANG_ENABLE_OBJC_WEAK = YES;
				CLANG_WARN_BLOCK_CAPTURE_AUTORELEASING = YES;
				CLANG_WARN_BOOL_CONVERSION = YES;
				CLANG_WARN_COMMA = YES;
				CLANG_WARN_CONSTANT_CONVERSION = YES;
				CLANG_WARN_DEPRECATED_OBJC_IMPLEMENTATIONS = YES;
				CLANG_WARN_DIRECT_OBJC_ISA_USAGE = YES_ERROR;
				CLANG_WARN_DOCUMENTATION_COMMENTS = YES;
				CLANG_WARN_EMPTY_BODY = YES;
				CLANG_WARN_ENUM_CONVERSION = YES;
				CLANG_WARN_INFINITE_RECURSION = YES;
				CLANG_WARN_INT_CONVERSION = YES;
				CLANG_WARN_NON_LITERAL_NULL_CONVERSION = YES;
				CLANG_WARN_OBJC_IMPLICIT_RETAIN_SELF = YES;
				CLANG_WARN_OBJC_LITERAL_CONVERSION = YES;
				CLANG_WARN_OBJC_ROOT_CLASS = YES_ERROR;
				CLANG_WARN_RANGE_LOOP_ANALYSIS = YES;
				CLANG_WARN_STRICT_PROTOTYPES = YES;
				CLANG_WARN_SUSPICIOUS_MOVE = YES;
				CLANG_WARN_UNGUARDED_AVAILABILITY = YES_AGGRESSIVE;
				CLANG_WARN_UNREACHABLE_CODE = YES;
				CLANG_WARN__DUPLICATE_METHOD_MATCH = YES;
				COPY_PHASE_STRIP = NO;
				DEBUG_INFORMATION_FORMAT = "dwarf-with-dsym";
				ENABLE_NS_ASSERTIONS = NO;
				ENABLE_STRICT_OBJC_MSGSEND = YES;
				GCC_C_LANGUAGE_STANDARD = gnu11;
				GCC_NO_COMMON_BLOCKS = YES;
				GCC_WARN_64_TO_32_BIT_CONVERSION = YES;
				GCC_WARN_ABOUT_RETURN_TYPE = YES_ERROR;
				GCC_WARN_UNDECLARED_SELECTOR = YES;
				GCC_WARN_UNINITIALIZED_AUTOS = YES_AGGRESSIVE;
				GCC_WARN_UNUSED_FUNCTION = YES;
				GCC_WARN_UNUSED_VARIABLE = YES;
				MACOSX_DEPLOYMENT_TARGET = 10.15;
				MTL_ENABLE_DEBUG_INFO = NO;
				MTL_FAST_MATH = YES;
				SDKROOT = macosx;
				SWIFT_COMPILATION_MODE = wholemodule;
				SWIFT_OPTIMIZATION_LEVEL = "-O";
			};
			name = Release;
		};
		EC2DB3C523D3242A00A5FA6C /* Debug */ = {
			isa = XCBuildConfiguration;
			buildSettings = {
				ASSETCATALOG_COMPILER_APPICON_NAME = AppIcon;
				CLANG_ENABLE_MODULES = YES;
				CODE_SIGN_ENTITLEMENTS = Demo/Demo.entitlements;
				CODE_SIGN_STYLE = Automatic;
				COMBINE_HIDPI_IMAGES = YES;
				DEVELOPMENT_TEAM = ZPZL835757;
				ENABLE_HARDENED_RUNTIME = YES;
				HEADER_SEARCH_PATHS = "$(SRCROOT)/../include";
				INFOPLIST_FILE = Demo/Info.plist;
				LD_RUNPATH_SEARCH_PATHS = (
					"$(inherited)",
					"@executable_path/../Frameworks",
				);
				PRODUCT_BUNDLE_IDENTIFIER = marika.libmirai.Demo;
				PRODUCT_NAME = "$(TARGET_NAME)";
				SWIFT_OBJC_BRIDGING_HEADER = Demo/Mirai.h;
				SWIFT_OPTIMIZATION_LEVEL = "-Onone";
				SWIFT_VERSION = 5.0;
			};
			name = Debug;
		};
		EC2DB3C623D3242A00A5FA6C /* Release */ = {
			isa = XCBuildConfiguration;
			buildSettings = {
				ASSETCATALOG_COMPILER_APPICON_NAME = AppIcon;
				CLANG_ENABLE_MODULES = YES;
				CODE_SIGN_ENTITLEMENTS = Demo/Demo.entitlements;
				CODE_SIGN_STYLE = Automatic;
				COMBINE_HIDPI_IMAGES = YES;
				DEVELOPMENT_TEAM = ZPZL835757;
				ENABLE_HARDENED_RUNTIME = YES;
				HEADER_SEARCH_PATHS = "$(SRCROOT)/../include";
				INFOPLIST_FILE = Demo/Info.plist;
				LD_RUNPATH_SEARCH_PATHS = (
					"$(inherited)",
					"@executable_path/../Frameworks",
				);
				PRODUCT_BUNDLE_IDENTIFIER = marika.libmirai.Demo;
				PRODUCT_NAME = "$(TARGET_NAME)";
				SWIFT_OBJC_BRIDGING_HEADER = Demo/Mirai.h;
				SWIFT_VERSION = 5.0;
			};
			name = Release;
		};
/* End XCBuildConfiguration section */

/* Begin XCConfigurationList section */
		EC2DB3AD23D3242800A5FA6C /* Build configuration list for PBXProject "Demo" */ = {
			isa = XCConfigurationList;
			buildConfigurations = (
				EC2DB3C223D3242A00A5FA6C /* Debug */,
				EC2DB3C323D3242A00A5FA6C /* Release */,
			);
			defaultConfigurationIsVisible = 0;
			defaultConfigurationName = Release;
		};
		EC2DB3C423D3242A00A5FA6C /* Build configuration list for PBXNativeTarget "Demo" */ = {
			isa = XCConfigurationList;
			buildConfigurations = (
				EC2DB3C523D3242A00A5FA6C /* Debug */,
				EC2DB3C623D3242A00A5FA6C /* Release */,
			);
			defaultConfigurationIsVisible = 0;
			defaultConfigurationName = Release;
		};
/* End XCConfigurationList section */
	};
	rootObject = EC2DB3AA23D3242800A5FA6C /* Project object */;
}
